// !$*UTF8*$!
{
	archiveVersion = 1;
	classes = {
	};
	objectVersion = 55;
	objects = {

/* Begin PBXBuildFile section */
		AE33EF8027C9840700CCDF41 /* AppDelegate.swift in Sources */ = {isa = PBXBuildFile; fileRef = AE33EF7F27C9840700CCDF41 /* AppDelegate.swift */; };
		AE33EF8227C9840700CCDF41 /* SceneDelegate.swift in Sources */ = {isa = PBXBuildFile; fileRef = AE33EF8127C9840700CCDF41 /* SceneDelegate.swift */; };
		AE33EF8427C9840700CCDF41 /* ViewController.swift in Sources */ = {isa = PBXBuildFile; fileRef = AE33EF8327C9840700CCDF41 /* ViewController.swift */; };
		AE33EF8727C9840700CCDF41 /* Main.storyboard in Resources */ = {isa = PBXBuildFile; fileRef = AE33EF8527C9840700CCDF41 /* Main.storyboard */; };
		AE33EF8927C9840700CCDF41 /* Assets.xcassets in Resources */ = {isa = PBXBuildFile; fileRef = AE33EF8827C9840700CCDF41 /* Assets.xcassets */; };
		AE33EF8C27C9840700CCDF41 /* LaunchScreen.storyboard in Resources */ = {isa = PBXBuildFile; fileRef = AE33EF8A27C9840700CCDF41 /* LaunchScreen.storyboard */; };
		AE33EF9A27C9BB4700CCDF41 /* SecondViewController.swift in Sources */ = {isa = PBXBuildFile; fileRef = AE33EF9927C9BB4700CCDF41 /* SecondViewController.swift */; };
		AE33EF9E27CB9C8D00CCDF41 /* StopsTableViewCell.swift in Sources */ = {isa = PBXBuildFile; fileRef = AE33EF9D27CB9C8D00CCDF41 /* StopsTableViewCell.swift */; };
		AE33EFA027CBAF3700CCDF41 /* NetworkInfoStops.swift in Sources */ = {isa = PBXBuildFile; fileRef = AE33EF9F27CBAF3700CCDF41 /* NetworkInfoStops.swift */; };
		AE33EFA227CBBE2F00CCDF41 /* StopsInfoData.swift in Sources */ = {isa = PBXBuildFile; fileRef = AE33EFA127CBBE2F00CCDF41 /* StopsInfoData.swift */; };
		AE33EFA427CBBF8C00CCDF41 /* ModelInfoStops.swift in Sources */ = {isa = PBXBuildFile; fileRef = AE33EFA327CBBF8C00CCDF41 /* ModelInfoStops.swift */; };
		AE33EFAC27CC261900CCDF41 /* TableViewViewModel.swift in Sources */ = {isa = PBXBuildFile; fileRef = AE33EFAB27CC261900CCDF41 /* TableViewViewModel.swift */; };
		AE33EFAE27CC263400CCDF41 /* TableViewViewModelType.swift in Sources */ = {isa = PBXBuildFile; fileRef = AE33EFAD27CC263400CCDF41 /* TableViewViewModelType.swift */; };
		AE33EFB027CC284B00CCDF41 /* Stop.swift in Sources */ = {isa = PBXBuildFile; fileRef = AE33EFAF27CC284B00CCDF41 /* Stop.swift */; };
		AE33EFB227CC291700CCDF41 /* StopTableViewCell.swift in Sources */ = {isa = PBXBuildFile; fileRef = AE33EFB127CC291700CCDF41 /* StopTableViewCell.swift */; };
		AE33EFB627CC2AC100CCDF41 /* TableViewCellViewModelType.swift in Sources */ = {isa = PBXBuildFile; fileRef = AE33EFB527CC2AC100CCDF41 /* TableViewCellViewModelType.swift */; };
		AE33EFB827CC2AFA00CCDF41 /* TableViewCellViewModel.swift in Sources */ = {isa = PBXBuildFile; fileRef = AE33EFB727CC2AFA00CCDF41 /* TableViewCellViewModel.swift */; };
		AE33EFBA27CC33FA00CCDF41 /* StopsJSONData.swift in Sources */ = {isa = PBXBuildFile; fileRef = AE33EFB927CC33FA00CCDF41 /* StopsJSONData.swift */; };
		AE33EFBC27CC433B00CCDF41 /* TransportTableViewModelType.swift in Sources */ = {isa = PBXBuildFile; fileRef = AE33EFBB27CC433B00CCDF41 /* TransportTableViewModelType.swift */; };
		AE33EFBE27CC44DC00CCDF41 /* TransportTableViewModel.swift in Sources */ = {isa = PBXBuildFile; fileRef = AE33EFBD27CC44DC00CCDF41 /* TransportTableViewModel.swift */; };
/* End PBXBuildFile section */

/* Begin PBXFileReference section */
		AE33EF7C27C9840700CCDF41 /* StopsOfTransport.app */ = {isa = PBXFileReference; explicitFileType = wrapper.application; includeInIndex = 0; path = StopsOfTransport.app; sourceTree = BUILT_PRODUCTS_DIR; };
		AE33EF7F27C9840700CCDF41 /* AppDelegate.swift */ = {isa = PBXFileReference; lastKnownFileType = sourcecode.swift; path = AppDelegate.swift; sourceTree = "<group>"; };
		AE33EF8127C9840700CCDF41 /* SceneDelegate.swift */ = {isa = PBXFileReference; lastKnownFileType = sourcecode.swift; path = SceneDelegate.swift; sourceTree = "<group>"; };
		AE33EF8327C9840700CCDF41 /* ViewController.swift */ = {isa = PBXFileReference; lastKnownFileType = sourcecode.swift; path = ViewController.swift; sourceTree = "<group>"; };
		AE33EF8627C9840700CCDF41 /* Base */ = {isa = PBXFileReference; lastKnownFileType = file.storyboard; name = Base; path = Base.lproj/Main.storyboard; sourceTree = "<group>"; };
		AE33EF8827C9840700CCDF41 /* Assets.xcassets */ = {isa = PBXFileReference; lastKnownFileType = folder.assetcatalog; path = Assets.xcassets; sourceTree = "<group>"; };
		AE33EF8B27C9840700CCDF41 /* Base */ = {isa = PBXFileReference; lastKnownFileType = file.storyboard; name = Base; path = Base.lproj/LaunchScreen.storyboard; sourceTree = "<group>"; };
		AE33EF8D27C9840700CCDF41 /* Info.plist */ = {isa = PBXFileReference; lastKnownFileType = text.plist.xml; path = Info.plist; sourceTree = "<group>"; };
		AE33EF9927C9BB4700CCDF41 /* SecondViewController.swift */ = {isa = PBXFileReference; lastKnownFileType = sourcecode.swift; path = SecondViewController.swift; sourceTree = "<group>"; };
		AE33EF9D27CB9C8D00CCDF41 /* StopsTableViewCell.swift */ = {isa = PBXFileReference; lastKnownFileType = sourcecode.swift; path = StopsTableViewCell.swift; sourceTree = "<group>"; };
		AE33EF9F27CBAF3700CCDF41 /* NetworkInfoStops.swift */ = {isa = PBXFileReference; lastKnownFileType = sourcecode.swift; path = NetworkInfoStops.swift; sourceTree = "<group>"; };
		AE33EFA127CBBE2F00CCDF41 /* StopsInfoData.swift */ = {isa = PBXFileReference; lastKnownFileType = sourcecode.swift; path = StopsInfoData.swift; sourceTree = "<group>"; };
		AE33EFA327CBBF8C00CCDF41 /* ModelInfoStops.swift */ = {isa = PBXFileReference; lastKnownFileType = sourcecode.swift; path = ModelInfoStops.swift; sourceTree = "<group>"; };
		AE33EFAB27CC261900CCDF41 /* TableViewViewModel.swift */ = {isa = PBXFileReference; lastKnownFileType = sourcecode.swift; path = TableViewViewModel.swift; sourceTree = "<group>"; };
		AE33EFAD27CC263400CCDF41 /* TableViewViewModelType.swift */ = {isa = PBXFileReference; lastKnownFileType = sourcecode.swift; path = TableViewViewModelType.swift; sourceTree = "<group>"; };
		AE33EFAF27CC284B00CCDF41 /* Stop.swift */ = {isa = PBXFileReference; lastKnownFileType = sourcecode.swift; path = Stop.swift; sourceTree = "<group>"; };
		AE33EFB127CC291700CCDF41 /* StopTableViewCell.swift */ = {isa = PBXFileReference; lastKnownFileType = sourcecode.swift; path = StopTableViewCell.swift; sourceTree = "<group>"; };
		AE33EFB527CC2AC100CCDF41 /* TableViewCellViewModelType.swift */ = {isa = PBXFileReference; lastKnownFileType = sourcecode.swift; path = TableViewCellViewModelType.swift; sourceTree = "<group>"; };
		AE33EFB727CC2AFA00CCDF41 /* TableViewCellViewModel.swift */ = {isa = PBXFileReference; lastKnownFileType = sourcecode.swift; path = TableViewCellViewModel.swift; sourceTree = "<group>"; };
		AE33EFB927CC33FA00CCDF41 /* StopsJSONData.swift */ = {isa = PBXFileReference; lastKnownFileType = sourcecode.swift; path = StopsJSONData.swift; sourceTree = "<group>"; };
		AE33EFBB27CC433B00CCDF41 /* TransportTableViewModelType.swift */ = {isa = PBXFileReference; lastKnownFileType = sourcecode.swift; path = TransportTableViewModelType.swift; sourceTree = "<group>"; };
		AE33EFBD27CC44DC00CCDF41 /* TransportTableViewModel.swift */ = {isa = PBXFileReference; lastKnownFileType = sourcecode.swift; path = TransportTableViewModel.swift; sourceTree = "<group>"; };
/* End PBXFileReference section */

/* Begin PBXFrameworksBuildPhase section */
		AE33EF7927C9840700CCDF41 /* Frameworks */ = {
			isa = PBXFrameworksBuildPhase;
			buildActionMask = 2147483647;
			files = (
			);
			runOnlyForDeploymentPostprocessing = 0;
		};
/* End PBXFrameworksBuildPhase section */

/* Begin PBXGroup section */
		AE33EF7327C9840700CCDF41 = {
			isa = PBXGroup;
			children = (
				AE33EF7E27C9840700CCDF41 /* StopsOfTransport */,
				AE33EF7D27C9840700CCDF41 /* Products */,
			);
			sourceTree = "<group>";
		};
		AE33EF7D27C9840700CCDF41 /* Products */ = {
			isa = PBXGroup;
			children = (
				AE33EF7C27C9840700CCDF41 /* StopsOfTransport.app */,
			);
			name = Products;
			sourceTree = "<group>";
		};
		AE33EF7E27C9840700CCDF41 /* StopsOfTransport */ = {
			isa = PBXGroup;
			children = (
				AE33EF7F27C9840700CCDF41 /* AppDelegate.swift */,
				AE33EF8127C9840700CCDF41 /* SceneDelegate.swift */,
				AE33EFAA27CC251100CCDF41 /* SupportFiles */,
				AE33EFA927CC24FE00CCDF41 /* Protocols */,
				AE33EFA827CC24F500CCDF41 /* Models */,
				AE33EFA727CC24EB00CCDF41 /* Views */,
				AE33EFA527CC24C400CCDF41 /* ViewModels */,
			);
			path = StopsOfTransport;
			sourceTree = "<group>";
		};
		AE33EFA527CC24C400CCDF41 /* ViewModels */ = {
			isa = PBXGroup;
			children = (
				AE33EFAB27CC261900CCDF41 /* TableViewViewModel.swift */,
				AE33EFB727CC2AFA00CCDF41 /* TableViewCellViewModel.swift */,
				AE33EFBD27CC44DC00CCDF41 /* TransportTableViewModel.swift */,
			);
			path = ViewModels;
			sourceTree = "<group>";
		};
		AE33EFA727CC24EB00CCDF41 /* Views */ = {
			isa = PBXGroup;
			children = (
				AE33EF8327C9840700CCDF41 /* ViewController.swift */,
				AE33EF9927C9BB4700CCDF41 /* SecondViewController.swift */,
				AE33EFB127CC291700CCDF41 /* StopTableViewCell.swift */,
				AE33EF9D27CB9C8D00CCDF41 /* StopsTableViewCell.swift */,
				AE33EF9F27CBAF3700CCDF41 /* NetworkInfoStops.swift */,
				AE33EF8527C9840700CCDF41 /* Main.storyboard */,
			);
			path = Views;
			sourceTree = "<group>";
		};
		AE33EFA827CC24F500CCDF41 /* Models */ = {
			isa = PBXGroup;
			children = (
				AE33EFAF27CC284B00CCDF41 /* Stop.swift */,
				AE33EFB927CC33FA00CCDF41 /* StopsJSONData.swift */,
				AE33EFA127CBBE2F00CCDF41 /* StopsInfoData.swift */,
				AE33EFA327CBBF8C00CCDF41 /* ModelInfoStops.swift */,
			);
			path = Models;
			sourceTree = "<group>";
		};
		AE33EFA927CC24FE00CCDF41 /* Protocols */ = {
			isa = PBXGroup;
			children = (
				AE33EFAD27CC263400CCDF41 /* TableViewViewModelType.swift */,
				AE33EFB527CC2AC100CCDF41 /* TableViewCellViewModelType.swift */,
				AE33EFBB27CC433B00CCDF41 /* TransportTableViewModelType.swift */,
			);
			path = Protocols;
			sourceTree = "<group>";
		};
		AE33EFAA27CC251100CCDF41 /* SupportFiles */ = {
			isa = PBXGroup;
			children = (
				AE33EF8827C9840700CCDF41 /* Assets.xcassets */,
				AE33EF8D27C9840700CCDF41 /* Info.plist */,
				AE33EF8A27C9840700CCDF41 /* LaunchScreen.storyboard */,
			);
			path = SupportFiles;
			sourceTree = "<group>";
		};
/* End PBXGroup section */

/* Begin PBXNativeTarget section */
		AE33EF7B27C9840700CCDF41 /* StopsOfTransport */ = {
			isa = PBXNativeTarget;
			buildConfigurationList = AE33EF9027C9840700CCDF41 /* Build configuration list for PBXNativeTarget "StopsOfTransport" */;
			buildPhases = (
				AE33EF7827C9840700CCDF41 /* Sources */,
				AE33EF7927C9840700CCDF41 /* Frameworks */,
				AE33EF7A27C9840700CCDF41 /* Resources */,
			);
			buildRules = (
			);
			dependencies = (
			);
			name = StopsOfTransport;
			productName = StopsOfTransport;
			productReference = AE33EF7C27C9840700CCDF41 /* StopsOfTransport.app */;
			productType = "com.apple.product-type.application";
		};
/* End PBXNativeTarget section */

/* Begin PBXProject section */
		AE33EF7427C9840700CCDF41 /* Project object */ = {
			isa = PBXProject;
			attributes = {
				BuildIndependentTargetsInParallel = 1;
				LastSwiftUpdateCheck = 1320;
				LastUpgradeCheck = 1320;
				TargetAttributes = {
					AE33EF7B27C9840700CCDF41 = {
						CreatedOnToolsVersion = 13.2.1;
					};
				};
			};
			buildConfigurationList = AE33EF7727C9840700CCDF41 /* Build configuration list for PBXProject "StopsOfTransport" */;
			compatibilityVersion = "Xcode 13.0";
			developmentRegion = en;
			hasScannedForEncodings = 0;
			knownRegions = (
				en,
				Base,
			);
			mainGroup = AE33EF7327C9840700CCDF41;
			productRefGroup = AE33EF7D27C9840700CCDF41 /* Products */;
			projectDirPath = "";
			projectRoot = "";
			targets = (
				AE33EF7B27C9840700CCDF41 /* StopsOfTransport */,
			);
		};
/* End PBXProject section */

/* Begin PBXResourcesBuildPhase section */
		AE33EF7A27C9840700CCDF41 /* Resources */ = {
			isa = PBXResourcesBuildPhase;
			buildActionMask = 2147483647;
			files = (
				AE33EF8C27C9840700CCDF41 /* LaunchScreen.storyboard in Resources */,
				AE33EF8927C9840700CCDF41 /* Assets.xcassets in Resources */,
				AE33EF8727C9840700CCDF41 /* Main.storyboard in Resources */,
			);
			runOnlyForDeploymentPostprocessing = 0;
		};
/* End PBXResourcesBuildPhase section */

/* Begin PBXSourcesBuildPhase section */
		AE33EF7827C9840700CCDF41 /* Sources */ = {
			isa = PBXSourcesBuildPhase;
			buildActionMask = 2147483647;
			files = (
				AE33EFAE27CC263400CCDF41 /* TableViewViewModelType.swift in Sources */,
				AE33EF8427C9840700CCDF41 /* ViewController.swift in Sources */,
				AE33EFA027CBAF3700CCDF41 /* NetworkInfoStops.swift in Sources */,
				AE33EFA227CBBE2F00CCDF41 /* StopsInfoData.swift in Sources */,
				AE33EFBC27CC433B00CCDF41 /* TransportTableViewModelType.swift in Sources */,
				AE33EF8027C9840700CCDF41 /* AppDelegate.swift in Sources */,
				AE33EF9E27CB9C8D00CCDF41 /* StopsTableViewCell.swift in Sources */,
				AE33EFBA27CC33FA00CCDF41 /* StopsJSONData.swift in Sources */,
				AE33EFB227CC291700CCDF41 /* StopTableViewCell.swift in Sources */,
				AE33EFB627CC2AC100CCDF41 /* TableViewCellViewModelType.swift in Sources */,
				AE33EFB027CC284B00CCDF41 /* Stop.swift in Sources */,
				AE33EFB827CC2AFA00CCDF41 /* TableViewCellViewModel.swift in Sources */,
				AE33EFBE27CC44DC00CCDF41 /* TransportTableViewModel.swift in Sources */,
				AE33EF9A27C9BB4700CCDF41 /* SecondViewController.swift in Sources */,
				AE33EFA427CBBF8C00CCDF41 /* ModelInfoStops.swift in Sources */,
				AE33EFAC27CC261900CCDF41 /* TableViewViewModel.swift in Sources */,
				AE33EF8227C9840700CCDF41 /* SceneDelegate.swift in Sources */,
			);
			runOnlyForDeploymentPostprocessing = 0;
		};
/* End PBXSourcesBuildPhase section */

/* Begin PBXVariantGroup section */
		AE33EF8527C9840700CCDF41 /* Main.storyboard */ = {
			isa = PBXVariantGroup;
			children = (
				AE33EF8627C9840700CCDF41 /* Base */,
			);
			name = Main.storyboard;
			sourceTree = "<group>";
		};
		AE33EF8A27C9840700CCDF41 /* LaunchScreen.storyboard */ = {
			isa = PBXVariantGroup;
			children = (
				AE33EF8B27C9840700CCDF41 /* Base */,
			);
			name = LaunchScreen.storyboard;
			sourceTree = "<group>";
		};
/* End PBXVariantGroup section */

/* Begin XCBuildConfiguration section */
		AE33EF8E27C9840700CCDF41 /* Debug */ = {
			isa = XCBuildConfiguration;
			buildSettings = {
				ALWAYS_SEARCH_USER_PATHS = NO;
				CLANG_ANALYZER_NONNULL = YES;
				CLANG_ANALYZER_NUMBER_OBJECT_CONVERSION = YES_AGGRESSIVE;
				CLANG_CXX_LANGUAGE_STANDARD = "gnu++17";
				CLANG_CXX_LIBRARY = "libc++";
				CLANG_ENABLE_MODULES = YES;
				CLANG_ENABLE_OBJC_ARC = YES;
				CLANG_ENABLE_OBJC_WEAK = YES;
				CLANG_WARN_BLOCK_CAPTURE_AUTORELEASING = YES;
				CLANG_WARN_BOOL_CONVERSION = YES;
				CLANG_WARN_COMMA = YES;
				CLANG_WARN_CONSTANT_CONVERSION = YES;
				CLANG_WARN_DEPRECATED_OBJC_IMPLEMENTATIONS = YES;
				CLANG_WARN_DIRECT_OBJC_ISA_USAGE = YES_ERROR;
				CLANG_WARN_DOCUMENTATION_COMMENTS = YES;
				CLANG_WARN_EMPTY_BODY = YES;
				CLANG_WARN_ENUM_CONVERSION = YES;
				CLANG_WARN_INFINITE_RECURSION = YES;
				CLANG_WARN_INT_CONVERSION = YES;
				CLANG_WARN_NON_LITERAL_NULL_CONVERSION = YES;
				CLANG_WARN_OBJC_IMPLICIT_RETAIN_SELF = YES;
				CLANG_WARN_OBJC_LITERAL_CONVERSION = YES;
				CLANG_WARN_OBJC_ROOT_CLASS = YES_ERROR;
				CLANG_WARN_QUOTED_INCLUDE_IN_FRAMEWORK_HEADER = YES;
				CLANG_WARN_RANGE_LOOP_ANALYSIS = YES;
				CLANG_WARN_STRICT_PROTOTYPES = YES;
				CLANG_WARN_SUSPICIOUS_MOVE = YES;
				CLANG_WARN_UNGUARDED_AVAILABILITY = YES_AGGRESSIVE;
				CLANG_WARN_UNREACHABLE_CODE = YES;
				CLANG_WARN__DUPLICATE_METHOD_MATCH = YES;
				COPY_PHASE_STRIP = NO;
				DEBUG_INFORMATION_FORMAT = dwarf;
				ENABLE_STRICT_OBJC_MSGSEND = YES;
				ENABLE_TESTABILITY = YES;
				GCC_C_LANGUAGE_STANDARD = gnu11;
				GCC_DYNAMIC_NO_PIC = NO;
				GCC_NO_COMMON_BLOCKS = YES;
				GCC_OPTIMIZATION_LEVEL = 0;
				GCC_PREPROCESSOR_DEFINITIONS = (
					"DEBUG=1",
					"$(inherited)",
				);
				GCC_WARN_64_TO_32_BIT_CONVERSION = YES;
				GCC_WARN_ABOUT_RETURN_TYPE = YES_ERROR;
				GCC_WARN_UNDECLARED_SELECTOR = YES;
				GCC_WARN_UNINITIALIZED_AUTOS = YES_AGGRESSIVE;
				GCC_WARN_UNUSED_FUNCTION = YES;
				GCC_WARN_UNUSED_VARIABLE = YES;
				IPHONEOS_DEPLOYMENT_TARGET = 15.2;
				MTL_ENABLE_DEBUG_INFO = INCLUDE_SOURCE;
				MTL_FAST_MATH = YES;
				ONLY_ACTIVE_ARCH = YES;
				SDKROOT = iphoneos;
				SWIFT_ACTIVE_COMPILATION_CONDITIONS = DEBUG;
				SWIFT_OPTIMIZATION_LEVEL = "-Onone";
			};
			name = Debug;
		};
		AE33EF8F27C9840700CCDF41 /* Release */ = {
			isa = XCBuildConfiguration;
			buildSettings = {
				ALWAYS_SEARCH_USER_PATHS = NO;
				CLANG_ANALYZER_NONNULL = YES;
				CLANG_ANALYZER_NUMBER_OBJECT_CONVERSION = YES_AGGRESSIVE;
				CLANG_CXX_LANGUAGE_STANDARD = "gnu++17";
				CLANG_CXX_LIBRARY = "libc++";
				CLANG_ENABLE_MODULES = YES;
				CLANG_ENABLE_OBJC_ARC = YES;
				CLANG_ENABLE_OBJC_WEAK = YES;
				CLANG_WARN_BLOCK_CAPTURE_AUTORELEASING = YES;
				CLANG_WARN_BOOL_CONVERSION = YES;
				CLANG_WARN_COMMA = YES;
				CLANG_WARN_CONSTANT_CONVERSION = YES;
				CLANG_WARN_DEPRECATED_OBJC_IMPLEMENTATIONS = YES;
				CLANG_WARN_DIRECT_OBJC_ISA_USAGE = YES_ERROR;
				CLANG_WARN_DOCUMENTATION_COMMENTS = YES;
				CLANG_WARN_EMPTY_BODY = YES;
				CLANG_WARN_ENUM_CONVERSION = YES;
				CLANG_WARN_INFINITE_RECURSION = YES;
				CLANG_WARN_INT_CONVERSION = YES;
				CLANG_WARN_NON_LITERAL_NULL_CONVERSION = YES;
				CLANG_WARN_OBJC_IMPLICIT_RETAIN_SELF = YES;
				CLANG_WARN_OBJC_LITERAL_CONVERSION = YES;
				CLANG_WARN_OBJC_ROOT_CLASS = YES_ERROR;
				CLANG_WARN_QUOTED_INCLUDE_IN_FRAMEWORK_HEADER = YES;
				CLANG_WARN_RANGE_LOOP_ANALYSIS = YES;
				CLANG_WARN_STRICT_PROTOTYPES = YES;
				CLANG_WARN_SUSPICIOUS_MOVE = YES;
				CLANG_WARN_UNGUARDED_AVAILABILITY = YES_AGGRESSIVE;
				CLANG_WARN_UNREACHABLE_CODE = YES;
				CLANG_WARN__DUPLICATE_METHOD_MATCH = YES;
				COPY_PHASE_STRIP = NO;
				DEBUG_INFORMATION_FORMAT = "dwarf-with-dsym";
				ENABLE_NS_ASSERTIONS = NO;
				ENABLE_STRICT_OBJC_MSGSEND = YES;
				GCC_C_LANGUAGE_STANDARD = gnu11;
				GCC_NO_COMMON_BLOCKS = YES;
				GCC_WARN_64_TO_32_BIT_CONVERSION = YES;
				GCC_WARN_ABOUT_RETURN_TYPE = YES_ERROR;
				GCC_WARN_UNDECLARED_SELECTOR = YES;
				GCC_WARN_UNINITIALIZED_AUTOS = YES_AGGRESSIVE;
				GCC_WARN_UNUSED_FUNCTION = YES;
				GCC_WARN_UNUSED_VARIABLE = YES;
				IPHONEOS_DEPLOYMENT_TARGET = 15.2;
				MTL_ENABLE_DEBUG_INFO = NO;
				MTL_FAST_MATH = YES;
				SDKROOT = iphoneos;
				SWIFT_COMPILATION_MODE = wholemodule;
				SWIFT_OPTIMIZATION_LEVEL = "-O";
				VALIDATE_PRODUCT = YES;
			};
			name = Release;
		};
		AE33EF9127C9840700CCDF41 /* Debug */ = {
			isa = XCBuildConfiguration;
			buildSettings = {
				ASSETCATALOG_COMPILER_APPICON_NAME = AppIcon;
				ASSETCATALOG_COMPILER_GLOBAL_ACCENT_COLOR_NAME = AccentColor;
				CODE_SIGN_STYLE = Automatic;
				CURRENT_PROJECT_VERSION = 1;
				DEVELOPMENT_TEAM = 45952R9AAB;
				GENERATE_INFOPLIST_FILE = YES;
				INFOPLIST_FILE = StopsOfTransport/SupportFiles/Info.plist;
				INFOPLIST_KEY_UIApplicationSupportsIndirectInputEvents = YES;
				INFOPLIST_KEY_UILaunchStoryboardName = LaunchScreen;
				INFOPLIST_KEY_UIMainStoryboardFile = Main;
				INFOPLIST_KEY_UISupportedInterfaceOrientations_iPad = "UIInterfaceOrientationPortrait UIInterfaceOrientationPortraitUpsideDown UIInterfaceOrientationLandscapeLeft UIInterfaceOrientationLandscapeRight";
				INFOPLIST_KEY_UISupportedInterfaceOrientations_iPhone = "UIInterfaceOrientationPortrait UIInterfaceOrientationLandscapeLeft UIInterfaceOrientationLandscapeRight";
				LD_RUNPATH_SEARCH_PATHS = (
					"$(inherited)",
					"@executable_path/Frameworks",
				);
				MARKETING_VERSION = 1.0;
				PRODUCT_BUNDLE_IDENTIFIER = "com.svetik-privetik.StopsOfTransport";
				PRODUCT_NAME = "$(TARGET_NAME)";
				SWIFT_EMIT_LOC_STRINGS = YES;
				SWIFT_VERSION = 5.0;
				TARGETED_DEVICE_FAMILY = "1,2";
			};
			name = Debug;
		};
		AE33EF9227C9840700CCDF41 /* Release */ = {
			isa = XCBuildConfiguration;
			buildSettings = {
				ASSETCATALOG_COMPILER_APPICON_NAME = AppIcon;
				ASSETCATALOG_COMPILER_GLOBAL_ACCENT_COLOR_NAME = AccentColor;
				CODE_SIGN_STYLE = Automatic;
				CURRENT_PROJECT_VERSION = 1;
				DEVELOPMENT_TEAM = 45952R9AAB;
				GENERATE_INFOPLIST_FILE = YES;
				INFOPLIST_FILE = StopsOfTransport/SupportFiles/Info.plist;
				INFOPLIST_KEY_UIApplicationSupportsIndirectInputEvents = YES;
				INFOPLIST_KEY_UILaunchStoryboardName = LaunchScreen;
				INFOPLIST_KEY_UIMainStoryboardFile = Main;
				INFOPLIST_KEY_UISupportedInterfaceOrientations_iPad = "UIInterfaceOrientationPortrait UIInterfaceOrientationPortraitUpsideDown UIInterfaceOrientationLandscapeLeft UIInterfaceOrientationLandscapeRight";
				INFOPLIST_KEY_UISupportedInterfaceOrientations_iPhone = "UIInterfaceOrientationPortrait UIInterfaceOrientationLandscapeLeft UIInterfaceOrientationLandscapeRight";
				LD_RUNPATH_SEARCH_PATHS = (
					"$(inherited)",
					"@executable_path/Frameworks",
				);
				MARKETING_VERSION = 1.0;
				PRODUCT_BUNDLE_IDENTIFIER = "com.svetik-privetik.StopsOfTransport";
				PRODUCT_NAME = "$(TARGET_NAME)";
				SWIFT_EMIT_LOC_STRINGS = YES;
				SWIFT_VERSION = 5.0;
				TARGETED_DEVICE_FAMILY = "1,2";
			};
			name = Release;
		};
/* End XCBuildConfiguration section */

/* Begin XCConfigurationList section */
		AE33EF7727C9840700CCDF41 /* Build configuration list for PBXProject "StopsOfTransport" */ = {
			isa = XCConfigurationList;
			buildConfigurations = (
				AE33EF8E27C9840700CCDF41 /* Debug */,
				AE33EF8F27C9840700CCDF41 /* Release */,
			);
			defaultConfigurationIsVisible = 0;
			defaultConfigurationName = Release;
		};
		AE33EF9027C9840700CCDF41 /* Build configuration list for PBXNativeTarget "StopsOfTransport" */ = {
			isa = XCConfigurationList;
			buildConfigurations = (
				AE33EF9127C9840700CCDF41 /* Debug */,
				AE33EF9227C9840700CCDF41 /* Release */,
			);
			defaultConfigurationIsVisible = 0;
			defaultConfigurationName = Release;
		};
/* End XCConfigurationList section */
	};
	rootObject = AE33EF7427C9840700CCDF41 /* Project object */;
}
