// !$*UTF8*$!
{
	archiveVersion = 1;
	classes = {
	};
	objectVersion = 51;
	objects = {

/* Begin PBXBuildFile section */
		AE33CCF32753B75D008450C7 /* AppDelegate.swift in Sources */ = {isa = PBXBuildFile; fileRef = AE33CCF22753B75D008450C7 /* AppDelegate.swift */; };
		AE33CCF52753B75D008450C7 /* SceneDelegate.swift in Sources */ = {isa = PBXBuildFile; fileRef = AE33CCF42753B75D008450C7 /* SceneDelegate.swift */; };
		AE33CCFA2753B75D008450C7 /* Main.storyboard in Resources */ = {isa = PBXBuildFile; fileRef = AE33CCF82753B75D008450C7 /* Main.storyboard */; };
		AE33CCFC2753B75E008450C7 /* Assets.xcassets in Resources */ = {isa = PBXBuildFile; fileRef = AE33CCFB2753B75E008450C7 /* Assets.xcassets */; };
		AE33CCFF2753B75E008450C7 /* LaunchScreen.storyboard in Resources */ = {isa = PBXBuildFile; fileRef = AE33CCFD2753B75E008450C7 /* LaunchScreen.storyboard */; };
		AE33CD092753C301008450C7 /* TableViewController.swift in Sources */ = {isa = PBXBuildFile; fileRef = AE33CD082753C301008450C7 /* TableViewController.swift */; };
		AE33CD0B27556FE4008450C7 /* CustomTableViewCell.swift in Sources */ = {isa = PBXBuildFile; fileRef = AE33CD0A27556FE4008450C7 /* CustomTableViewCell.swift */; };
		AE33CD0D2756D9A9008450C7 /* PlaceModel.swift in Sources */ = {isa = PBXBuildFile; fileRef = AE33CD0C2756D9A9008450C7 /* PlaceModel.swift */; };
		AE33CD0F27584B76008450C7 /* SecondScreen.swift in Sources */ = {isa = PBXBuildFile; fileRef = AE33CD0E27584B76008450C7 /* SecondScreen.swift */; };
		AE963AFD275D5DE20058BB04 /* StorageManager.swift in Sources */ = {isa = PBXBuildFile; fileRef = AE963AFC275D5DE20058BB04 /* StorageManager.swift */; };
		AE972B8827932A3D00B8F829 /* RatingControl.swift in Sources */ = {isa = PBXBuildFile; fileRef = AE972B8727932A3D00B8F829 /* RatingControl.swift */; };
		AEC42B3C279606CB0057AEBC /* MapViewController.swift in Sources */ = {isa = PBXBuildFile; fileRef = AEC42B3B279606CB0057AEBC /* MapViewController.swift */; };
		AEC42BC4279AF2BA0057AEBC /* MapManager.swift in Sources */ = {isa = PBXBuildFile; fileRef = AEC42BC3279AF2BA0057AEBC /* MapManager.swift */; };
		E1A5FBB0D8B553E00C26243A /* Pods_MyPlaces.framework in Frameworks */ = {isa = PBXBuildFile; fileRef = B04F869BD874144623990435 /* Pods_MyPlaces.framework */; };
/* End PBXBuildFile section */

/* Begin PBXFileReference section */
		4A57F90F138955ADB09AE478 /* Pods-MyPlaces.debug.xcconfig */ = {isa = PBXFileReference; includeInIndex = 1; lastKnownFileType = text.xcconfig; name = "Pods-MyPlaces.debug.xcconfig"; path = "Target Support Files/Pods-MyPlaces/Pods-MyPlaces.debug.xcconfig"; sourceTree = "<group>"; };
		AE33CCEF2753B75D008450C7 /* MyPlaces.app */ = {isa = PBXFileReference; explicitFileType = wrapper.application; includeInIndex = 0; path = MyPlaces.app; sourceTree = BUILT_PRODUCTS_DIR; };
		AE33CCF22753B75D008450C7 /* AppDelegate.swift */ = {isa = PBXFileReference; lastKnownFileType = sourcecode.swift; path = AppDelegate.swift; sourceTree = "<group>"; };
		AE33CCF42753B75D008450C7 /* SceneDelegate.swift */ = {isa = PBXFileReference; lastKnownFileType = sourcecode.swift; path = SceneDelegate.swift; sourceTree = "<group>"; };
		AE33CCF92753B75D008450C7 /* Base */ = {isa = PBXFileReference; lastKnownFileType = file.storyboard; name = Base; path = Base.lproj/Main.storyboard; sourceTree = "<group>"; };
		AE33CCFB2753B75E008450C7 /* Assets.xcassets */ = {isa = PBXFileReference; lastKnownFileType = folder.assetcatalog; path = Assets.xcassets; sourceTree = "<group>"; };
		AE33CCFE2753B75E008450C7 /* Base */ = {isa = PBXFileReference; lastKnownFileType = file.storyboard; name = Base; path = Base.lproj/LaunchScreen.storyboard; sourceTree = "<group>"; };
		AE33CD002753B75E008450C7 /* Info.plist */ = {isa = PBXFileReference; lastKnownFileType = text.plist.xml; path = Info.plist; sourceTree = "<group>"; };
		AE33CD082753C301008450C7 /* TableViewController.swift */ = {isa = PBXFileReference; lastKnownFileType = sourcecode.swift; path = TableViewController.swift; sourceTree = "<group>"; };
		AE33CD0A27556FE4008450C7 /* CustomTableViewCell.swift */ = {isa = PBXFileReference; lastKnownFileType = sourcecode.swift; path = CustomTableViewCell.swift; sourceTree = "<group>"; };
		AE33CD0C2756D9A9008450C7 /* PlaceModel.swift */ = {isa = PBXFileReference; lastKnownFileType = sourcecode.swift; path = PlaceModel.swift; sourceTree = "<group>"; };
		AE33CD0E27584B76008450C7 /* SecondScreen.swift */ = {isa = PBXFileReference; lastKnownFileType = sourcecode.swift; path = SecondScreen.swift; sourceTree = "<group>"; };
		AE963AFC275D5DE20058BB04 /* StorageManager.swift */ = {isa = PBXFileReference; lastKnownFileType = sourcecode.swift; path = StorageManager.swift; sourceTree = "<group>"; };
		AE972B8727932A3D00B8F829 /* RatingControl.swift */ = {isa = PBXFileReference; lastKnownFileType = sourcecode.swift; path = RatingControl.swift; sourceTree = "<group>"; };
		AEC42B3B279606CB0057AEBC /* MapViewController.swift */ = {isa = PBXFileReference; lastKnownFileType = sourcecode.swift; path = MapViewController.swift; sourceTree = "<group>"; };
		AEC42BC3279AF2BA0057AEBC /* MapManager.swift */ = {isa = PBXFileReference; lastKnownFileType = sourcecode.swift; path = MapManager.swift; sourceTree = "<group>"; };
		B00839B5FB3276DFE3BE60B9 /* Pods-MyPlaces.release.xcconfig */ = {isa = PBXFileReference; includeInIndex = 1; lastKnownFileType = text.xcconfig; name = "Pods-MyPlaces.release.xcconfig"; path = "Target Support Files/Pods-MyPlaces/Pods-MyPlaces.release.xcconfig"; sourceTree = "<group>"; };
		B04F869BD874144623990435 /* Pods_MyPlaces.framework */ = {isa = PBXFileReference; explicitFileType = wrapper.framework; includeInIndex = 0; path = Pods_MyPlaces.framework; sourceTree = BUILT_PRODUCTS_DIR; };
/* End PBXFileReference section */

/* Begin PBXFrameworksBuildPhase section */
		AE33CCEC2753B75D008450C7 /* Frameworks */ = {
			isa = PBXFrameworksBuildPhase;
			buildActionMask = 2147483647;
			files = (
				E1A5FBB0D8B553E00C26243A /* Pods_MyPlaces.framework in Frameworks */,
			);
			runOnlyForDeploymentPostprocessing = 0;
		};
/* End PBXFrameworksBuildPhase section */

/* Begin PBXGroup section */
		43A51C3A278DE0D769D602F4 /* Pods */ = {
			isa = PBXGroup;
			children = (
				4A57F90F138955ADB09AE478 /* Pods-MyPlaces.debug.xcconfig */,
				B00839B5FB3276DFE3BE60B9 /* Pods-MyPlaces.release.xcconfig */,
			);
			path = Pods;
			sourceTree = "<group>";
		};
		AE33CCE62753B75D008450C7 = {
			isa = PBXGroup;
			children = (
				AE33CCF12753B75D008450C7 /* MyPlaces */,
				AE33CCF02753B75D008450C7 /* Products */,
				43A51C3A278DE0D769D602F4 /* Pods */,
				C870A1998EB5E745D8491B70 /* Frameworks */,
			);
			sourceTree = "<group>";
		};
		AE33CCF02753B75D008450C7 /* Products */ = {
			isa = PBXGroup;
			children = (
				AE33CCEF2753B75D008450C7 /* MyPlaces.app */,
			);
			name = Products;
			sourceTree = "<group>";
		};
		AE33CCF12753B75D008450C7 /* MyPlaces */ = {
			isa = PBXGroup;
			children = (
				AEC42BC5279B013D0057AEBC /* VC */,
				AEC42BC8279B01AF0057AEBC /* Supports */,
				AEC42BC7279B018D0057AEBC /* Helpers */,
				AEC42BC6279B017A0057AEBC /* Models */,
				AE33CCF82753B75D008450C7 /* Main.storyboard */,
				AE33CCFD2753B75E008450C7 /* LaunchScreen.storyboard */,
				AE33CD002753B75E008450C7 /* Info.plist */,
				AE33CCFB2753B75E008450C7 /* Assets.xcassets */,
			);
			path = MyPlaces;
			sourceTree = "<group>";
		};
		AEC42BC5279B013D0057AEBC /* VC */ = {
			isa = PBXGroup;
			children = (
				AE33CD082753C301008450C7 /* TableViewController.swift */,
				AE33CD0E27584B76008450C7 /* SecondScreen.swift */,
				AEC42B3B279606CB0057AEBC /* MapViewController.swift */,
				AE33CD0A27556FE4008450C7 /* CustomTableViewCell.swift */,
			);
			path = VC;
			sourceTree = "<group>";
		};
		AEC42BC6279B017A0057AEBC /* Models */ = {
			isa = PBXGroup;
			children = (
				AE33CD0C2756D9A9008450C7 /* PlaceModel.swift */,
			);
			path = Models;
			sourceTree = "<group>";
		};
		AEC42BC7279B018D0057AEBC /* Helpers */ = {
			isa = PBXGroup;
			children = (
				AE963AFC275D5DE20058BB04 /* StorageManager.swift */,
				AE972B8727932A3D00B8F829 /* RatingControl.swift */,
				AEC42BC3279AF2BA0057AEBC /* MapManager.swift */,
			);
			path = Helpers;
			sourceTree = "<group>";
		};
		AEC42BC8279B01AF0057AEBC /* Supports */ = {
			isa = PBXGroup;
			children = (
				AE33CCF42753B75D008450C7 /* SceneDelegate.swift */,
				AE33CCF22753B75D008450C7 /* AppDelegate.swift */,
			);
			path = Supports;
			sourceTree = "<group>";
		};
		C870A1998EB5E745D8491B70 /* Frameworks */ = {
			isa = PBXGroup;
			children = (
				B04F869BD874144623990435 /* Pods_MyPlaces.framework */,
			);
			name = Frameworks;
			sourceTree = "<group>";
		};
/* End PBXGroup section */

/* Begin PBXNativeTarget section */
		AE33CCEE2753B75D008450C7 /* MyPlaces */ = {
			isa = PBXNativeTarget;
			buildConfigurationList = AE33CD032753B75E008450C7 /* Build configuration list for PBXNativeTarget "MyPlaces" */;
			buildPhases = (
				5FC5BE3C1DFE7980A7DAC5C5 /* [CP] Check Pods Manifest.lock */,
				AE33CCEB2753B75D008450C7 /* Sources */,
				AE33CCEC2753B75D008450C7 /* Frameworks */,
				AE33CCED2753B75D008450C7 /* Resources */,
				288ED8AD7F0D28521AB9BE26 /* [CP] Embed Pods Frameworks */,
			);
			buildRules = (
			);
			dependencies = (
			);
			name = MyPlaces;
			productName = MyPlaces;
			productReference = AE33CCEF2753B75D008450C7 /* MyPlaces.app */;
			productType = "com.apple.product-type.application";
		};
/* End PBXNativeTarget section */

/* Begin PBXProject section */
		AE33CCE72753B75D008450C7 /* Project object */ = {
			isa = PBXProject;
			attributes = {
				LastSwiftUpdateCheck = 1250;
				LastUpgradeCheck = 1250;
				TargetAttributes = {
					AE33CCEE2753B75D008450C7 = {
						CreatedOnToolsVersion = 12.5.1;
					};
				};
			};
			buildConfigurationList = AE33CCEA2753B75D008450C7 /* Build configuration list for PBXProject "MyPlaces" */;
			compatibilityVersion = "Xcode 9.3";
			developmentRegion = en;
			hasScannedForEncodings = 0;
			knownRegions = (
				en,
				Base,
			);
			mainGroup = AE33CCE62753B75D008450C7;
			productRefGroup = AE33CCF02753B75D008450C7 /* Products */;
			projectDirPath = "";
			projectRoot = "";
			targets = (
				AE33CCEE2753B75D008450C7 /* MyPlaces */,
			);
		};
/* End PBXProject section */

/* Begin PBXResourcesBuildPhase section */
		AE33CCED2753B75D008450C7 /* Resources */ = {
			isa = PBXResourcesBuildPhase;
			buildActionMask = 2147483647;
			files = (
				AE33CCFF2753B75E008450C7 /* LaunchScreen.storyboard in Resources */,
				AE33CCFC2753B75E008450C7 /* Assets.xcassets in Resources */,
				AE33CCFA2753B75D008450C7 /* Main.storyboard in Resources */,
			);
			runOnlyForDeploymentPostprocessing = 0;
		};
/* End PBXResourcesBuildPhase section */

/* Begin PBXShellScriptBuildPhase section */
		288ED8AD7F0D28521AB9BE26 /* [CP] Embed Pods Frameworks */ = {
			isa = PBXShellScriptBuildPhase;
			buildActionMask = 2147483647;
			files = (
			);
			inputFileListPaths = (
				"${PODS_ROOT}/Target Support Files/Pods-MyPlaces/Pods-MyPlaces-frameworks-${CONFIGURATION}-input-files.xcfilelist",
			);
			name = "[CP] Embed Pods Frameworks";
			outputFileListPaths = (
				"${PODS_ROOT}/Target Support Files/Pods-MyPlaces/Pods-MyPlaces-frameworks-${CONFIGURATION}-output-files.xcfilelist",
			);
			runOnlyForDeploymentPostprocessing = 0;
			shellPath = /bin/sh;
			shellScript = "\"${PODS_ROOT}/Target Support Files/Pods-MyPlaces/Pods-MyPlaces-frameworks.sh\"\n";
			showEnvVarsInLog = 0;
		};
		5FC5BE3C1DFE7980A7DAC5C5 /* [CP] Check Pods Manifest.lock */ = {
			isa = PBXShellScriptBuildPhase;
			buildActionMask = 2147483647;
			files = (
			);
			inputFileListPaths = (
			);
			inputPaths = (
				"${PODS_PODFILE_DIR_PATH}/Podfile.lock",
				"${PODS_ROOT}/Manifest.lock",
			);
			name = "[CP] Check Pods Manifest.lock";
			outputFileListPaths = (
			);
			outputPaths = (
				"$(DERIVED_FILE_DIR)/Pods-MyPlaces-checkManifestLockResult.txt",
			);
			runOnlyForDeploymentPostprocessing = 0;
			shellPath = /bin/sh;
			shellScript = "diff \"${PODS_PODFILE_DIR_PATH}/Podfile.lock\" \"${PODS_ROOT}/Manifest.lock\" > /dev/null\nif [ $? != 0 ] ; then\n    # print error to STDERR\n    echo \"error: The sandbox is not in sync with the Podfile.lock. Run 'pod install' or update your CocoaPods installation.\" >&2\n    exit 1\nfi\n# This output is used by Xcode 'outputs' to avoid re-running this script phase.\necho \"SUCCESS\" > \"${SCRIPT_OUTPUT_FILE_0}\"\n";
			showEnvVarsInLog = 0;
		};
/* End PBXShellScriptBuildPhase section */

/* Begin PBXSourcesBuildPhase section */
		AE33CCEB2753B75D008450C7 /* Sources */ = {
			isa = PBXSourcesBuildPhase;
			buildActionMask = 2147483647;
			files = (
				AE33CCF32753B75D008450C7 /* AppDelegate.swift in Sources */,
				AE33CD092753C301008450C7 /* TableViewController.swift in Sources */,
				AE33CD0D2756D9A9008450C7 /* PlaceModel.swift in Sources */,
				AE963AFD275D5DE20058BB04 /* StorageManager.swift in Sources */,
				AEC42B3C279606CB0057AEBC /* MapViewController.swift in Sources */,
				AE972B8827932A3D00B8F829 /* RatingControl.swift in Sources */,
				AEC42BC4279AF2BA0057AEBC /* MapManager.swift in Sources */,
				AE33CD0B27556FE4008450C7 /* CustomTableViewCell.swift in Sources */,
				AE33CCF52753B75D008450C7 /* SceneDelegate.swift in Sources */,
				AE33CD0F27584B76008450C7 /* SecondScreen.swift in Sources */,
			);
			runOnlyForDeploymentPostprocessing = 0;
		};
/* End PBXSourcesBuildPhase section */

/* Begin PBXVariantGroup section */
		AE33CCF82753B75D008450C7 /* Main.storyboard */ = {
			isa = PBXVariantGroup;
			children = (
				AE33CCF92753B75D008450C7 /* Base */,
			);
			name = Main.storyboard;
			sourceTree = "<group>";
		};
		AE33CCFD2753B75E008450C7 /* LaunchScreen.storyboard */ = {
			isa = PBXVariantGroup;
			children = (
				AE33CCFE2753B75E008450C7 /* Base */,
			);
			name = LaunchScreen.storyboard;
			sourceTree = "<group>";
		};
/* End PBXVariantGroup section */

/* Begin XCBuildConfiguration section */
		AE33CD012753B75E008450C7 /* Debug */ = {
			isa = XCBuildConfiguration;
			buildSettings = {
				ALWAYS_SEARCH_USER_PATHS = NO;
				CLANG_ANALYZER_NONNULL = YES;
				CLANG_ANALYZER_NUMBER_OBJECT_CONVERSION = YES_AGGRESSIVE;
				CLANG_CXX_LANGUAGE_STANDARD = "gnu++14";
				CLANG_CXX_LIBRARY = "libc++";
				CLANG_ENABLE_MODULES = YES;
				CLANG_ENABLE_OBJC_ARC = YES;
				CLANG_ENABLE_OBJC_WEAK = YES;
				CLANG_WARN_BLOCK_CAPTURE_AUTORELEASING = YES;
				CLANG_WARN_BOOL_CONVERSION = YES;
				CLANG_WARN_COMMA = YES;
				CLANG_WARN_CONSTANT_CONVERSION = YES;
				CLANG_WARN_DEPRECATED_OBJC_IMPLEMENTATIONS = YES;
				CLANG_WARN_DIRECT_OBJC_ISA_USAGE = YES_ERROR;
				CLANG_WARN_DOCUMENTATION_COMMENTS = YES;
				CLANG_WARN_EMPTY_BODY = YES;
				CLANG_WARN_ENUM_CONVERSION = YES;
				CLANG_WARN_INFINITE_RECURSION = YES;
				CLANG_WARN_INT_CONVERSION = YES;
				CLANG_WARN_NON_LITERAL_NULL_CONVERSION = YES;
				CLANG_WARN_OBJC_IMPLICIT_RETAIN_SELF = YES;
				CLANG_WARN_OBJC_LITERAL_CONVERSION = YES;
				CLANG_WARN_OBJC_ROOT_CLASS = YES_ERROR;
				CLANG_WARN_QUOTED_INCLUDE_IN_FRAMEWORK_HEADER = YES;
				CLANG_WARN_RANGE_LOOP_ANALYSIS = YES;
				CLANG_WARN_STRICT_PROTOTYPES = YES;
				CLANG_WARN_SUSPICIOUS_MOVE = YES;
				CLANG_WARN_UNGUARDED_AVAILABILITY = YES_AGGRESSIVE;
				CLANG_WARN_UNREACHABLE_CODE = YES;
				CLANG_WARN__DUPLICATE_METHOD_MATCH = YES;
				COPY_PHASE_STRIP = NO;
				DEBUG_INFORMATION_FORMAT = dwarf;
				ENABLE_STRICT_OBJC_MSGSEND = YES;
				ENABLE_TESTABILITY = YES;
				GCC_C_LANGUAGE_STANDARD = gnu11;
				GCC_DYNAMIC_NO_PIC = NO;
				GCC_NO_COMMON_BLOCKS = YES;
				GCC_OPTIMIZATION_LEVEL = 0;
				GCC_PREPROCESSOR_DEFINITIONS = (
					"DEBUG=1",
					"$(inherited)",
				);
				GCC_WARN_64_TO_32_BIT_CONVERSION = YES;
				GCC_WARN_ABOUT_RETURN_TYPE = YES_ERROR;
				GCC_WARN_UNDECLARED_SELECTOR = YES;
				GCC_WARN_UNINITIALIZED_AUTOS = YES_AGGRESSIVE;
				GCC_WARN_UNUSED_FUNCTION = YES;
				GCC_WARN_UNUSED_VARIABLE = YES;
				IPHONEOS_DEPLOYMENT_TARGET = 14.5;
				MTL_ENABLE_DEBUG_INFO = INCLUDE_SOURCE;
				MTL_FAST_MATH = YES;
				ONLY_ACTIVE_ARCH = YES;
				SDKROOT = iphoneos;
				SWIFT_ACTIVE_COMPILATION_CONDITIONS = DEBUG;
				SWIFT_OPTIMIZATION_LEVEL = "-Onone";
			};
			name = Debug;
		};
		AE33CD022753B75E008450C7 /* Release */ = {
			isa = XCBuildConfiguration;
			buildSettings = {
				ALWAYS_SEARCH_USER_PATHS = NO;
				CLANG_ANALYZER_NONNULL = YES;
				CLANG_ANALYZER_NUMBER_OBJECT_CONVERSION = YES_AGGRESSIVE;
				CLANG_CXX_LANGUAGE_STANDARD = "gnu++14";
				CLANG_CXX_LIBRARY = "libc++";
				CLANG_ENABLE_MODULES = YES;
				CLANG_ENABLE_OBJC_ARC = YES;
				CLANG_ENABLE_OBJC_WEAK = YES;
				CLANG_WARN_BLOCK_CAPTURE_AUTORELEASING = YES;
				CLANG_WARN_BOOL_CONVERSION = YES;
				CLANG_WARN_COMMA = YES;
				CLANG_WARN_CONSTANT_CONVERSION = YES;
				CLANG_WARN_DEPRECATED_OBJC_IMPLEMENTATIONS = YES;
				CLANG_WARN_DIRECT_OBJC_ISA_USAGE = YES_ERROR;
				CLANG_WARN_DOCUMENTATION_COMMENTS = YES;
				CLANG_WARN_EMPTY_BODY = YES;
				CLANG_WARN_ENUM_CONVERSION = YES;
				CLANG_WARN_INFINITE_RECURSION = YES;
				CLANG_WARN_INT_CONVERSION = YES;
				CLANG_WARN_NON_LITERAL_NULL_CONVERSION = YES;
				CLANG_WARN_OBJC_IMPLICIT_RETAIN_SELF = YES;
				CLANG_WARN_OBJC_LITERAL_CONVERSION = YES;
				CLANG_WARN_OBJC_ROOT_CLASS = YES_ERROR;
				CLANG_WARN_QUOTED_INCLUDE_IN_FRAMEWORK_HEADER = YES;
				CLANG_WARN_RANGE_LOOP_ANALYSIS = YES;
				CLANG_WARN_STRICT_PROTOTYPES = YES;
				CLANG_WARN_SUSPICIOUS_MOVE = YES;
				CLANG_WARN_UNGUARDED_AVAILABILITY = YES_AGGRESSIVE;
				CLANG_WARN_UNREACHABLE_CODE = YES;
				CLANG_WARN__DUPLICATE_METHOD_MATCH = YES;
				COPY_PHASE_STRIP = NO;
				DEBUG_INFORMATION_FORMAT = "dwarf-with-dsym";
				ENABLE_NS_ASSERTIONS = NO;
				ENABLE_STRICT_OBJC_MSGSEND = YES;
				GCC_C_LANGUAGE_STANDARD = gnu11;
				GCC_NO_COMMON_BLOCKS = YES;
				GCC_WARN_64_TO_32_BIT_CONVERSION = YES;
				GCC_WARN_ABOUT_RETURN_TYPE = YES_ERROR;
				GCC_WARN_UNDECLARED_SELECTOR = YES;
				GCC_WARN_UNINITIALIZED_AUTOS = YES_AGGRESSIVE;
				GCC_WARN_UNUSED_FUNCTION = YES;
				GCC_WARN_UNUSED_VARIABLE = YES;
				IPHONEOS_DEPLOYMENT_TARGET = 14.5;
				MTL_ENABLE_DEBUG_INFO = NO;
				MTL_FAST_MATH = YES;
				SDKROOT = iphoneos;
				SWIFT_COMPILATION_MODE = wholemodule;
				SWIFT_OPTIMIZATION_LEVEL = "-O";
				VALIDATE_PRODUCT = YES;
			};
			name = Release;
		};
		AE33CD042753B75E008450C7 /* Debug */ = {
			isa = XCBuildConfiguration;
			baseConfigurationReference = 4A57F90F138955ADB09AE478 /* Pods-MyPlaces.debug.xcconfig */;
			buildSettings = {
				ASSETCATALOG_COMPILER_APPICON_NAME = AppIcon;
				ASSETCATALOG_COMPILER_GLOBAL_ACCENT_COLOR_NAME = AccentColor;
				CODE_SIGN_STYLE = Automatic;
				DEVELOPMENT_TEAM = 45952R9AAB;
				INFOPLIST_FILE = MyPlaces/Info.plist;
				LD_RUNPATH_SEARCH_PATHS = (
					"$(inherited)",
					"@executable_path/Frameworks",
				);
				PRODUCT_BUNDLE_IDENTIFIER = "com.Svetik-privetik.MyPlaces";
				PRODUCT_NAME = "$(TARGET_NAME)";
				SWIFT_VERSION = 5.0;
				TARGETED_DEVICE_FAMILY = "1,2";
			};
			name = Debug;
		};
		AE33CD052753B75E008450C7 /* Release */ = {
			isa = XCBuildConfiguration;
			baseConfigurationReference = B00839B5FB3276DFE3BE60B9 /* Pods-MyPlaces.release.xcconfig */;
			buildSettings = {
				ASSETCATALOG_COMPILER_APPICON_NAME = AppIcon;
				ASSETCATALOG_COMPILER_GLOBAL_ACCENT_COLOR_NAME = AccentColor;
				CODE_SIGN_STYLE = Automatic;
				DEVELOPMENT_TEAM = 45952R9AAB;
				INFOPLIST_FILE = MyPlaces/Info.plist;
				LD_RUNPATH_SEARCH_PATHS = (
					"$(inherited)",
					"@executable_path/Frameworks",
				);
				PRODUCT_BUNDLE_IDENTIFIER = "com.Svetik-privetik.MyPlaces";
				PRODUCT_NAME = "$(TARGET_NAME)";
				SWIFT_VERSION = 5.0;
				TARGETED_DEVICE_FAMILY = "1,2";
			};
			name = Release;
		};
/* End XCBuildConfiguration section */

/* Begin XCConfigurationList section */
		AE33CCEA2753B75D008450C7 /* Build configuration list for PBXProject "MyPlaces" */ = {
			isa = XCConfigurationList;
			buildConfigurations = (
				AE33CD012753B75E008450C7 /* Debug */,
				AE33CD022753B75E008450C7 /* Release */,
			);
			defaultConfigurationIsVisible = 0;
			defaultConfigurationName = Release;
		};
		AE33CD032753B75E008450C7 /* Build configuration list for PBXNativeTarget "MyPlaces" */ = {
			isa = XCConfigurationList;
			buildConfigurations = (
				AE33CD042753B75E008450C7 /* Debug */,
				AE33CD052753B75E008450C7 /* Release */,
			);
			defaultConfigurationIsVisible = 0;
			defaultConfigurationName = Release;
		};
/* End XCConfigurationList section */
	};
	rootObject = AE33CCE72753B75D008450C7 /* Project object */;
}
